lockfileVersion: '9.0'

settings:
  autoInstallPeers: true
  excludeLinksFromLockfile: false

importers:

  .:
    dependencies:
      '@logtape/logtape':
        specifier: ^1.0.0
        version: 1.0.0
      audio-decode:
        specifier: ^2.2.3
        version: 2.2.3
      openai:
        specifier: ^5.8.2
        version: 5.8.2(ws@8.18.3)
      ws:
        specifier: ^8.18.3
        version: 8.18.3

packages:

  '@eshaz/web-worker@1.2.2':
    resolution: {integrity: sha512-WxXiHFmD9u/owrzempiDlBB1ZYqiLnm9s6aPc8AlFQalq2tKmqdmMr9GXOupDgzXtqnBipj8Un0gkIm7Sjf8mw==}

  '@logtape/logtape@1.0.0':
    resolution: {integrity: sha512-GOOiaJcHSJQfFt+khrtoxfQ29klDiG8UxrgC+lPt7K6HhwEMQnB47j7V0GQ6F8bnS7JIZgYQmbXb+yGUF2pKhA==}

  '@thi.ng/bitstream@2.4.21':
    resolution: {integrity: sha512-ol302chc9iolVwIOgclqN+1LJV13xjHdJo/q/aDsgX4Rw44SpeaL2PoEwaO+P40qRMNHgZeOQdwFUgjsLSfGnQ==}
    engines: {node: '>=18'}

  '@thi.ng/errors@2.5.35':
    resolution: {integrity: sha512-AUWVN2Mz23WbuREv/bmYmNNhMq+h8GzwAib6xnvsvv2LCy2Ekkt9/vupFGzTxcnFjT7e481/RaxMp6aHXy597A==}
    engines: {node: '>=18'}

  '@wasm-audio-decoders/common@9.0.7':
    resolution: {integrity: sha512-WRaUuWSKV7pkttBygml/a6dIEpatq2nnZGFIoPTc5yPLkxL6Wk4YaslPM98OPQvWacvNZ+Py9xROGDtrFBDzag==}

  '@wasm-audio-decoders/flac@0.2.8':
    resolution: {integrity: sha512-CxvylHiUmtCrf0hUSzYQlD9RtoY/LsPuKR8M6ZjtQrXHzSLir0whWjPs1yb+hDZdK8R1NbESHcz2ZV88eMcKUg==}

  '@wasm-audio-decoders/ogg-vorbis@0.1.18':
    resolution: {integrity: sha512-kEg6b5vW4wAXfGAqe5wzvSuAs2FEhPY/rniYF/Gx3rgxQcPiRI86SBAyIRWFJ7O4CY/JJHX57B1OCDueMlBSLQ==}

  '@wasm-audio-decoders/opus-ml@0.0.1':
    resolution: {integrity: sha512-FALuUCz10HS2h8KB4L7wmfXncOuBDFvlKRk6Ga2rw8sr/zNIpwCjhhomxH4JKPhVLOnBjZfrPa8aTFIQq74vzQ==}

  audio-buffer@5.0.0:
    resolution: {integrity: sha512-gsDyj1wwUp8u7NBB+eW6yhLb9ICf+0eBmDX8NGaAS00w8/fLqFdxUlL5Ge/U8kB64DlQhdonxYC59dXy1J7H/w==}

  audio-decode@2.2.3:
    resolution: {integrity: sha512-Z0lHvMayR/Pad9+O9ddzaBJE0DrhZkQlStrC1RwcAHF3AhQAsdwKHeLGK8fYKyp2DDU6xHxzGb4CLMui12yVrg==}

  audio-type@2.2.1:
    resolution: {integrity: sha512-En9AY6EG1qYqEy5L/quryzbA4akBpJrnBZNxeKTqGHC2xT9Qc4aZ8b7CcbOMFTTc/MGdoNyp+SN4zInZNKxMYA==}
    engines: {node: '>=14'}

  codec-parser@2.5.0:
    resolution: {integrity: sha512-Ru9t80fV8B0ZiixQl8xhMTLru+dzuis/KQld32/x5T/+3LwZb0/YvQdSKytX9JqCnRdiupvAvyYJINKrXieziQ==}

  mpg123-decoder@1.0.2:
    resolution: {integrity: sha512-cw0Laz57gumQsfCqnNeGtgq64EcyrK/z4qx+kq4iba7iSSXfI7uO3jiHjdHxNp4PB2v08VZYZ2Fr68VM1JkaPQ==}

  node-wav@0.0.2:
    resolution: {integrity: sha512-M6Rm/bbG6De/gKGxOpeOobx/dnGuP0dz40adqx38boqHhlWssBJZgLCPBNtb9NkrmnKYiV04xELq+R6PFOnoLA==}
    engines: {node: '>=4.4.0'}

  ogg-opus-decoder@1.7.0:
    resolution: {integrity: sha512-/lrj4+ZGjxZCCNiDSlNEckLrCL+UU9N9XtqES7sXq/Lm6PMi8Pwn/D6TTsbvG45krt21ohAh2FqdEsMuI7ZN4w==}

  openai@5.8.2:
    resolution: {integrity: sha512-8C+nzoHYgyYOXhHGN6r0fcb4SznuEn1R7YZMvlqDbnCuE0FM2mm3T1HiYW6WIcMS/F1Of2up/cSPjLPaWt0X9Q==}
    hasBin: true
    peerDependencies:
      ws: ^8.18.0
      zod: ^3.23.8
    peerDependenciesMeta:
      ws:
        optional: true
      zod:
        optional: true

  opus-decoder@0.7.10:
    resolution: {integrity: sha512-qUZdyAK+kKy/wUSd/oZ0ULE9U/yskp332n2oBvSP/Jz/wHsHiVRg33f/tRUR8TRiw+ka7AQUclxcr5TbUJo+VA==}

  qoa-format@1.0.1:
    resolution: {integrity: sha512-dMB0Z6XQjdpz/Cw4Rf6RiBpQvUSPCfYlQMWvmuWlWkAT7nDQD29cVZ1SwDUB6DYJSitHENwbt90lqfI+7bvMcw==}

  simple-yenc@1.0.4:
    resolution: {integrity: sha512-5gvxpSd79e9a3V4QDYUqnqxeD4HGlhCakVpb6gMnDD7lexJggSBJRBO5h52y/iJrdXRilX9UCuDaIJhSWm5OWw==}

  ws@8.18.3:
    resolution: {integrity: sha512-PEIGCY5tSlUt50cqyMXfCzX+oOPqN0vuGqWzbcJ2xvnkzkq46oOpz7dQaTDBdfICb4N14+GARUDw2XV2N4tvzg==}
    engines: {node: '>=10.0.0'}
    peerDependencies:
      bufferutil: ^4.0.1
      utf-8-validate: '>=5.0.2'
    peerDependenciesMeta:
      bufferutil:
        optional: true
      utf-8-validate:
        optional: true

snapshots:

  '@eshaz/web-worker@1.2.2': {}

  '@logtape/logtape@1.0.0': {}

  '@thi.ng/bitstream@2.4.21':
    dependencies:
      '@thi.ng/errors': 2.5.35

  '@thi.ng/errors@2.5.35': {}

  '@wasm-audio-decoders/common@9.0.7':
    dependencies:
      '@eshaz/web-worker': 1.2.2
      simple-yenc: 1.0.4

  '@wasm-audio-decoders/flac@0.2.8':
    dependencies:
      '@wasm-audio-decoders/common': 9.0.7
      codec-parser: 2.5.0

  '@wasm-audio-decoders/ogg-vorbis@0.1.18':
    dependencies:
      '@wasm-audio-decoders/common': 9.0.7
      codec-parser: 2.5.0

  '@wasm-audio-decoders/opus-ml@0.0.1':
    dependencies:
      '@wasm-audio-decoders/common': 9.0.7

  audio-buffer@5.0.0: {}

  audio-decode@2.2.3:
    dependencies:
      '@wasm-audio-decoders/flac': 0.2.8
      '@wasm-audio-decoders/ogg-vorbis': 0.1.18
      audio-buffer: 5.0.0
      audio-type: 2.2.1
      mpg123-decoder: 1.0.2
      node-wav: 0.0.2
      ogg-opus-decoder: 1.7.0
      qoa-format: 1.0.1

  audio-type@2.2.1: {}

  codec-parser@2.5.0: {}

  mpg123-decoder@1.0.2:
    dependencies:
      '@wasm-audio-decoders/common': 9.0.7

  node-wav@0.0.2: {}

  ogg-opus-decoder@1.7.0:
    dependencies:
      '@wasm-audio-decoders/common': 9.0.7
      '@wasm-audio-decoders/opus-ml': 0.0.1
      codec-parser: 2.5.0
      opus-decoder: 0.7.10

  openai@5.8.2(ws@8.18.3):
    optionalDependencies:
      ws: 8.18.3

  opus-decoder@0.7.10:
    dependencies:
      '@wasm-audio-decoders/common': 9.0.7

  qoa-format@1.0.1:
    dependencies:
      '@thi.ng/bitstream': 2.4.21

  simple-yenc@1.0.4: {}

  ws@8.18.3: {}
